
Microsoft Visual Studio Solution File, Format Version 12.00
# Visual Studio Version 16
VisualStudioVersion = 16.0.31911.196
MinimumVisualStudioVersion = 10.0.40219.1
Project("{FAE04EC0-301F-11D3-BF4B-00C04F79EFBC}") = "Итоговый проект", "Итоговый проект\Итоговый проект.csproj", "{16CA994C-560F-428B-BD46-248BABDE76E4}"
EndProject
Global
	GlobalSection(SolutionConfigurationPlatforms) = preSolution
		Debug|Any CPU = Debug|Any CPU
		Release|Any CPU = Release|Any CPU
	EndGlobalSection
	GlobalSection(ProjectConfigurationPlatforms) = postSolution
		{16CA994C-560F-428B-BD46-248BABDE76E4}.Debug|Any CPU.ActiveCfg = Debug|Any CPU
		{16CA994C-560F-428B-BD46-248BABDE76E4}.Debug|Any CPU.Build.0 = Debug|Any CPU
		{16CA994C-560F-428B-BD46-248BABDE76E4}.Release|Any CPU.ActiveCfg = Release|Any CPU
		{16CA994C-560F-428B-BD46-248BABDE76E4}.Release|Any CPU.Build.0 = Release|Any CPU
	EndGlobalSection
	GlobalSection(SolutionProperties) = preSolution
		HideSolutionNode = FALSE
	EndGlobalSection
	GlobalSection(ExtensibilityGlobals) = postSolution
		SolutionGuid = {711A6347-C35E-4FC3-807D-319BEFAE0795}
	EndGlobalSection
EndGlobal
